
Microsoft Visual Studio Solution File, Format Version 12.00
# Visual Studio Version 16
VisualStudioVersion = 16.0.31410.357
MinimumVisualStudioVersion = 10.0.40219.1
Project("{FAE04EC0-301F-11D3-BF4B-00C04F79EFBC}") = "LabNet2021.HelloWorld", "LabNet2021.HelloWorld\LabNet2021.HelloWorld.csproj", "{31A3754F-59E1-4FCC-987C-6A74437DA750}"
EndProject
Global
	GlobalSection(SolutionConfigurationPlatforms) = preSolution
		Debug|Any CPU = Debug|Any CPU
		Release|Any CPU = Release|Any CPU
	EndGlobalSection
	GlobalSection(ProjectConfigurationPlatforms) = postSolution
		{31A3754F-59E1-4FCC-987C-6A74437DA750}.Debug|Any CPU.ActiveCfg = Debug|Any CPU
		{31A3754F-59E1-4FCC-987C-6A74437DA750}.Debug|Any CPU.Build.0 = Debug|Any CPU
		{31A3754F-59E1-4FCC-987C-6A74437DA750}.Release|Any CPU.ActiveCfg = Release|Any CPU
		{31A3754F-59E1-4FCC-987C-6A74437DA750}.Release|Any CPU.Build.0 = Release|Any CPU
	EndGlobalSection
	GlobalSection(SolutionProperties) = preSolution
		HideSolutionNode = FALSE
	EndGlobalSection
	GlobalSection(ExtensibilityGlobals) = postSolution
		SolutionGuid = {689089C3-4035-4969-B2CC-7CF109F8507D}
	EndGlobalSection
EndGlobal
